// !$*UTF8*$!
{
	archiveVersion = 1;
	classes = {
	};
	objectVersion = 55;
	objects = {

/* Begin PBXBuildFile section */
		C3B6A0CD280C694A00136E88 /* Exercise_SwiftUIApp.swift in Sources */ = {isa = PBXBuildFile; fileRef = C3B6A0CC280C694A00136E88 /* Exercise_SwiftUIApp.swift */; };
		C3B6A0CF280C694A00136E88 /* ContentView.swift in Sources */ = {isa = PBXBuildFile; fileRef = C3B6A0CE280C694A00136E88 /* ContentView.swift */; };
		C3B6A0D1280C694C00136E88 /* Assets.xcassets in Resources */ = {isa = PBXBuildFile; fileRef = C3B6A0D0280C694C00136E88 /* Assets.xcassets */; };
		C3B6A0D4280C694C00136E88 /* Preview Assets.xcassets in Resources */ = {isa = PBXBuildFile; fileRef = C3B6A0D3280C694C00136E88 /* Preview Assets.xcassets */; };
		C3B6A0DE280C694C00136E88 /* Exercise_SwiftUITests.swift in Sources */ = {isa = PBXBuildFile; fileRef = C3B6A0DD280C694C00136E88 /* Exercise_SwiftUITests.swift */; };
		C3B6A0E8280C694C00136E88 /* Exercise_SwiftUIUITests.swift in Sources */ = {isa = PBXBuildFile; fileRef = C3B6A0E7280C694C00136E88 /* Exercise_SwiftUIUITests.swift */; };
		C3B6A0EA280C694C00136E88 /* Exercise_SwiftUIUITestsLaunchTests.swift in Sources */ = {isa = PBXBuildFile; fileRef = C3B6A0E9280C694C00136E88 /* Exercise_SwiftUIUITestsLaunchTests.swift */; };
/* End PBXBuildFile section */

/* Begin PBXContainerItemProxy section */
		C3B6A0DA280C694C00136E88 /* PBXContainerItemProxy */ = {
			isa = PBXContainerItemProxy;
			containerPortal = C3B6A0C1280C694A00136E88 /* Project object */;
			proxyType = 1;
			remoteGlobalIDString = C3B6A0C8280C694A00136E88;
			remoteInfo = "Exercise SwiftUI";
		};
		C3B6A0E4280C694C00136E88 /* PBXContainerItemProxy */ = {
			isa = PBXContainerItemProxy;
			containerPortal = C3B6A0C1280C694A00136E88 /* Project object */;
			proxyType = 1;
			remoteGlobalIDString = C3B6A0C8280C694A00136E88;
			remoteInfo = "Exercise SwiftUI";
		};
/* End PBXContainerItemProxy section */

/* Begin PBXFileReference section */
		C3B6A0C9280C694A00136E88 /* Exercise SwiftUI.app */ = {isa = PBXFileReference; explicitFileType = wrapper.application; includeInIndex = 0; path = "Exercise SwiftUI.app"; sourceTree = BUILT_PRODUCTS_DIR; };
		C3B6A0CC280C694A00136E88 /* Exercise_SwiftUIApp.swift */ = {isa = PBXFileReference; lastKnownFileType = sourcecode.swift; path = Exercise_SwiftUIApp.swift; sourceTree = "<group>"; };
		C3B6A0CE280C694A00136E88 /* ContentView.swift */ = {isa = PBXFileReference; lastKnownFileType = sourcecode.swift; path = ContentView.swift; sourceTree = "<group>"; };
		C3B6A0D0280C694C00136E88 /* Assets.xcassets */ = {isa = PBXFileReference; lastKnownFileType = folder.assetcatalog; path = Assets.xcassets; sourceTree = "<group>"; };
		C3B6A0D3280C694C00136E88 /* Preview Assets.xcassets */ = {isa = PBXFileReference; lastKnownFileType = folder.assetcatalog; path = "Preview Assets.xcassets"; sourceTree = "<group>"; };
		C3B6A0D9280C694C00136E88 /* Exercise SwiftUITests.xctest */ = {isa = PBXFileReference; explicitFileType = wrapper.cfbundle; includeInIndex = 0; path = "Exercise SwiftUITests.xctest"; sourceTree = BUILT_PRODUCTS_DIR; };
		C3B6A0DD280C694C00136E88 /* Exercise_SwiftUITests.swift */ = {isa = PBXFileReference; lastKnownFileType = sourcecode.swift; path = Exercise_SwiftUITests.swift; sourceTree = "<group>"; };
		C3B6A0E3280C694C00136E88 /* Exercise SwiftUIUITests.xctest */ = {isa = PBXFileReference; explicitFileType = wrapper.cfbundle; includeInIndex = 0; path = "Exercise SwiftUIUITests.xctest"; sourceTree = BUILT_PRODUCTS_DIR; };
		C3B6A0E7280C694C00136E88 /* Exercise_SwiftUIUITests.swift */ = {isa = PBXFileReference; lastKnownFileType = sourcecode.swift; path = Exercise_SwiftUIUITests.swift; sourceTree = "<group>"; };
		C3B6A0E9280C694C00136E88 /* Exercise_SwiftUIUITestsLaunchTests.swift */ = {isa = PBXFileReference; lastKnownFileType = sourcecode.swift; path = Exercise_SwiftUIUITestsLaunchTests.swift; sourceTree = "<group>"; };
/* End PBXFileReference section */

/* Begin PBXFrameworksBuildPhase section */
		C3B6A0C6280C694A00136E88 /* Frameworks */ = {
			isa = PBXFrameworksBuildPhase;
			buildActionMask = 2147483647;
			files = (
			);
			runOnlyForDeploymentPostprocessing = 0;
		};
		C3B6A0D6280C694C00136E88 /* Frameworks */ = {
			isa = PBXFrameworksBuildPhase;
			buildActionMask = 2147483647;
			files = (
			);
			runOnlyForDeploymentPostprocessing = 0;
		};
		C3B6A0E0280C694C00136E88 /* Frameworks */ = {
			isa = PBXFrameworksBuildPhase;
			buildActionMask = 2147483647;
			files = (
			);
			runOnlyForDeploymentPostprocessing = 0;
		};
/* End PBXFrameworksBuildPhase section */

/* Begin PBXGroup section */
		C3B6A0C0280C694A00136E88 = {
			isa = PBXGroup;
			children = (
				C3B6A0CB280C694A00136E88 /* Exercise SwiftUI */,
				C3B6A0DC280C694C00136E88 /* Exercise SwiftUITests */,
				C3B6A0E6280C694C00136E88 /* Exercise SwiftUIUITests */,
				C3B6A0CA280C694A00136E88 /* Products */,
			);
			sourceTree = "<group>";
		};
		C3B6A0CA280C694A00136E88 /* Products */ = {
			isa = PBXGroup;
			children = (
				C3B6A0C9280C694A00136E88 /* Exercise SwiftUI.app */,
				C3B6A0D9280C694C00136E88 /* Exercise SwiftUITests.xctest */,
				C3B6A0E3280C694C00136E88 /* Exercise SwiftUIUITests.xctest */,
			);
			name = Products;
			sourceTree = "<group>";
		};
		C3B6A0CB280C694A00136E88 /* Exercise SwiftUI */ = {
			isa = PBXGroup;
			children = (
				C3B6A0CC280C694A00136E88 /* Exercise_SwiftUIApp.swift */,
				C3B6A0CE280C694A00136E88 /* ContentView.swift */,
				C3B6A0D0280C694C00136E88 /* Assets.xcassets */,
				C3B6A0D2280C694C00136E88 /* Preview Content */,
			);
			path = "Exercise SwiftUI";
			sourceTree = "<group>";
		};
		C3B6A0D2280C694C00136E88 /* Preview Content */ = {
			isa = PBXGroup;
			children = (
				C3B6A0D3280C694C00136E88 /* Preview Assets.xcassets */,
			);
			path = "Preview Content";
			sourceTree = "<group>";
		};
		C3B6A0DC280C694C00136E88 /* Exercise SwiftUITests */ = {
			isa = PBXGroup;
			children = (
				C3B6A0DD280C694C00136E88 /* Exercise_SwiftUITests.swift */,
			);
			path = "Exercise SwiftUITests";
			sourceTree = "<group>";
		};
		C3B6A0E6280C694C00136E88 /* Exercise SwiftUIUITests */ = {
			isa = PBXGroup;
			children = (
				C3B6A0E7280C694C00136E88 /* Exercise_SwiftUIUITests.swift */,
				C3B6A0E9280C694C00136E88 /* Exercise_SwiftUIUITestsLaunchTests.swift */,
			);
			path = "Exercise SwiftUIUITests";
			sourceTree = "<group>";
		};
/* End PBXGroup section */

/* Begin PBXNativeTarget section */
		C3B6A0C8280C694A00136E88 /* Exercise SwiftUI */ = {
			isa = PBXNativeTarget;
			buildConfigurationList = C3B6A0ED280C694C00136E88 /* Build configuration list for PBXNativeTarget "Exercise SwiftUI" */;
			buildPhases = (
				C3B6A0C5280C694A00136E88 /* Sources */,
				C3B6A0C6280C694A00136E88 /* Frameworks */,
				C3B6A0C7280C694A00136E88 /* Resources */,
			);
			buildRules = (
			);
			dependencies = (
			);
			name = "Exercise SwiftUI";
			productName = "Exercise SwiftUI";
			productReference = C3B6A0C9280C694A00136E88 /* Exercise SwiftUI.app */;
			productType = "com.apple.product-type.application";
		};
		C3B6A0D8280C694C00136E88 /* Exercise SwiftUITests */ = {
			isa = PBXNativeTarget;
			buildConfigurationList = C3B6A0F0280C694C00136E88 /* Build configuration list for PBXNativeTarget "Exercise SwiftUITests" */;
			buildPhases = (
				C3B6A0D5280C694C00136E88 /* Sources */,
				C3B6A0D6280C694C00136E88 /* Frameworks */,
				C3B6A0D7280C694C00136E88 /* Resources */,
			);
			buildRules = (
			);
			dependencies = (
				C3B6A0DB280C694C00136E88 /* PBXTargetDependency */,
			);
			name = "Exercise SwiftUITests";
			productName = "Exercise SwiftUITests";
			productReference = C3B6A0D9280C694C00136E88 /* Exercise SwiftUITests.xctest */;
			productType = "com.apple.product-type.bundle.unit-test";
		};
		C3B6A0E2280C694C00136E88 /* Exercise SwiftUIUITests */ = {
			isa = PBXNativeTarget;
			buildConfigurationList = C3B6A0F3280C694C00136E88 /* Build configuration list for PBXNativeTarget "Exercise SwiftUIUITests" */;
			buildPhases = (
				C3B6A0DF280C694C00136E88 /* Sources */,
				C3B6A0E0280C694C00136E88 /* Frameworks */,
				C3B6A0E1280C694C00136E88 /* Resources */,
			);
			buildRules = (
			);
			dependencies = (
				C3B6A0E5280C694C00136E88 /* PBXTargetDependency */,
			);
			name = "Exercise SwiftUIUITests";
			productName = "Exercise SwiftUIUITests";
			productReference = C3B6A0E3280C694C00136E88 /* Exercise SwiftUIUITests.xctest */;
			productType = "com.apple.product-type.bundle.ui-testing";
		};
/* End PBXNativeTarget section */

/* Begin PBXProject section */
		C3B6A0C1280C694A00136E88 /* Project object */ = {
			isa = PBXProject;
			attributes = {
				BuildIndependentTargetsInParallel = 1;
				LastSwiftUpdateCheck = 1320;
				LastUpgradeCheck = 1320;
				TargetAttributes = {
					C3B6A0C8280C694A00136E88 = {
						CreatedOnToolsVersion = 13.2.1;
					};
					C3B6A0D8280C694C00136E88 = {
						CreatedOnToolsVersion = 13.2.1;
						TestTargetID = C3B6A0C8280C694A00136E88;
					};
					C3B6A0E2280C694C00136E88 = {
						CreatedOnToolsVersion = 13.2.1;
						TestTargetID = C3B6A0C8280C694A00136E88;
					};
				};
			};
			buildConfigurationList = C3B6A0C4280C694A00136E88 /* Build configuration list for PBXProject "Exercise SwiftUI" */;
			compatibilityVersion = "Xcode 13.0";
			developmentRegion = en;
			hasScannedForEncodings = 0;
			knownRegions = (
				en,
				Base,
			);
			mainGroup = C3B6A0C0280C694A00136E88;
			productRefGroup = C3B6A0CA280C694A00136E88 /* Products */;
			projectDirPath = "";
			projectRoot = "";
			targets = (
				C3B6A0C8280C694A00136E88 /* Exercise SwiftUI */,
				C3B6A0D8280C694C00136E88 /* Exercise SwiftUITests */,
				C3B6A0E2280C694C00136E88 /* Exercise SwiftUIUITests */,
			);
		};
/* End PBXProject section */

/* Begin PBXResourcesBuildPhase section */
		C3B6A0C7280C694A00136E88 /* Resources */ = {
			isa = PBXResourcesBuildPhase;
			buildActionMask = 2147483647;
			files = (
				C3B6A0D4280C694C00136E88 /* Preview Assets.xcassets in Resources */,
				C3B6A0D1280C694C00136E88 /* Assets.xcassets in Resources */,
			);
			runOnlyForDeploymentPostprocessing = 0;
		};
		C3B6A0D7280C694C00136E88 /* Resources */ = {
			isa = PBXResourcesBuildPhase;
			buildActionMask = 2147483647;
			files = (
			);
			runOnlyForDeploymentPostprocessing = 0;
		};
		C3B6A0E1280C694C00136E88 /* Resources */ = {
			isa = PBXResourcesBuildPhase;
			buildActionMask = 2147483647;
			files = (
			);
			runOnlyForDeploymentPostprocessing = 0;
		};
/* End PBXResourcesBuildPhase section */

/* Begin PBXSourcesBuildPhase section */
		C3B6A0C5280C694A00136E88 /* Sources */ = {
			isa = PBXSourcesBuildPhase;
			buildActionMask = 2147483647;
			files = (
				C3B6A0CF280C694A00136E88 /* ContentView.swift in Sources */,
				C3B6A0CD280C694A00136E88 /* Exercise_SwiftUIApp.swift in Sources */,
			);
			runOnlyForDeploymentPostprocessing = 0;
		};
		C3B6A0D5280C694C00136E88 /* Sources */ = {
			isa = PBXSourcesBuildPhase;
			buildActionMask = 2147483647;
			files = (
				C3B6A0DE280C694C00136E88 /* Exercise_SwiftUITests.swift in Sources */,
			);
			runOnlyForDeploymentPostprocessing = 0;
		};
		C3B6A0DF280C694C00136E88 /* Sources */ = {
			isa = PBXSourcesBuildPhase;
			buildActionMask = 2147483647;
			files = (
				C3B6A0EA280C694C00136E88 /* Exercise_SwiftUIUITestsLaunchTests.swift in Sources */,
				C3B6A0E8280C694C00136E88 /* Exercise_SwiftUIUITests.swift in Sources */,
			);
			runOnlyForDeploymentPostprocessing = 0;
		};
/* End PBXSourcesBuildPhase section */

/* Begin PBXTargetDependency section */
		C3B6A0DB280C694C00136E88 /* PBXTargetDependency */ = {
			isa = PBXTargetDependency;
			target = C3B6A0C8280C694A00136E88 /* Exercise SwiftUI */;
			targetProxy = C3B6A0DA280C694C00136E88 /* PBXContainerItemProxy */;
		};
		C3B6A0E5280C694C00136E88 /* PBXTargetDependency */ = {
			isa = PBXTargetDependency;
			target = C3B6A0C8280C694A00136E88 /* Exercise SwiftUI */;
			targetProxy = C3B6A0E4280C694C00136E88 /* PBXContainerItemProxy */;
		};
/* End PBXTargetDependency section */

/* Begin XCBuildConfiguration section */
		C3B6A0EB280C694C00136E88 /* Debug */ = {
			isa = XCBuildConfiguration;
			buildSettings = {
				ALWAYS_SEARCH_USER_PATHS = NO;
				CLANG_ANALYZER_NONNULL = YES;
				CLANG_ANALYZER_NUMBER_OBJECT_CONVERSION = YES_AGGRESSIVE;
				CLANG_CXX_LANGUAGE_STANDARD = "gnu++17";
				CLANG_CXX_LIBRARY = "libc++";
				CLANG_ENABLE_MODULES = YES;
				CLANG_ENABLE_OBJC_ARC = YES;
				CLANG_ENABLE_OBJC_WEAK = YES;
				CLANG_WARN_BLOCK_CAPTURE_AUTORELEASING = YES;
				CLANG_WARN_BOOL_CONVERSION = YES;
				CLANG_WARN_COMMA = YES;
				CLANG_WARN_CONSTANT_CONVERSION = YES;
				CLANG_WARN_DEPRECATED_OBJC_IMPLEMENTATIONS = YES;
				CLANG_WARN_DIRECT_OBJC_ISA_USAGE = YES_ERROR;
				CLANG_WARN_DOCUMENTATION_COMMENTS = YES;
				CLANG_WARN_EMPTY_BODY = YES;
				CLANG_WARN_ENUM_CONVERSION = YES;
				CLANG_WARN_INFINITE_RECURSION = YES;
				CLANG_WARN_INT_CONVERSION = YES;
				CLANG_WARN_NON_LITERAL_NULL_CONVERSION = YES;
				CLANG_WARN_OBJC_IMPLICIT_RETAIN_SELF = YES;
				CLANG_WARN_OBJC_LITERAL_CONVERSION = YES;
				CLANG_WARN_OBJC_ROOT_CLASS = YES_ERROR;
				CLANG_WARN_QUOTED_INCLUDE_IN_FRAMEWORK_HEADER = YES;
				CLANG_WARN_RANGE_LOOP_ANALYSIS = YES;
				CLANG_WARN_STRICT_PROTOTYPES = YES;
				CLANG_WARN_SUSPICIOUS_MOVE = YES;
				CLANG_WARN_UNGUARDED_AVAILABILITY = YES_AGGRESSIVE;
				CLANG_WARN_UNREACHABLE_CODE = YES;
				CLANG_WARN__DUPLICATE_METHOD_MATCH = YES;
				COPY_PHASE_STRIP = NO;
				DEBUG_INFORMATION_FORMAT = dwarf;
				ENABLE_STRICT_OBJC_MSGSEND = YES;
				ENABLE_TESTABILITY = YES;
				GCC_C_LANGUAGE_STANDARD = gnu11;
				GCC_DYNAMIC_NO_PIC = NO;
				GCC_NO_COMMON_BLOCKS = YES;
				GCC_OPTIMIZATION_LEVEL = 0;
				GCC_PREPROCESSOR_DEFINITIONS = (
					"DEBUG=1",
					"$(inherited)",
				);
				GCC_WARN_64_TO_32_BIT_CONVERSION = YES;
				GCC_WARN_ABOUT_RETURN_TYPE = YES_ERROR;
				GCC_WARN_UNDECLARED_SELECTOR = YES;
				GCC_WARN_UNINITIALIZED_AUTOS = YES_AGGRESSIVE;
				GCC_WARN_UNUSED_FUNCTION = YES;
				GCC_WARN_UNUSED_VARIABLE = YES;
				IPHONEOS_DEPLOYMENT_TARGET = 15.2;
				MTL_ENABLE_DEBUG_INFO = INCLUDE_SOURCE;
				MTL_FAST_MATH = YES;
				ONLY_ACTIVE_ARCH = YES;
				SDKROOT = iphoneos;
				SWIFT_ACTIVE_COMPILATION_CONDITIONS = DEBUG;
				SWIFT_OPTIMIZATION_LEVEL = "-Onone";
			};
			name = Debug;
		};
		C3B6A0EC280C694C00136E88 /* Release */ = {
			isa = XCBuildConfiguration;
			buildSettings = {
				ALWAYS_SEARCH_USER_PATHS = NO;
				CLANG_ANALYZER_NONNULL = YES;
				CLANG_ANALYZER_NUMBER_OBJECT_CONVERSION = YES_AGGRESSIVE;
				CLANG_CXX_LANGUAGE_STANDARD = "gnu++17";
				CLANG_CXX_LIBRARY = "libc++";
				CLANG_ENABLE_MODULES = YES;
				CLANG_ENABLE_OBJC_ARC = YES;
				CLANG_ENABLE_OBJC_WEAK = YES;
				CLANG_WARN_BLOCK_CAPTURE_AUTORELEASING = YES;
				CLANG_WARN_BOOL_CONVERSION = YES;
				CLANG_WARN_COMMA = YES;
				CLANG_WARN_CONSTANT_CONVERSION = YES;
				CLANG_WARN_DEPRECATED_OBJC_IMPLEMENTATIONS = YES;
				CLANG_WARN_DIRECT_OBJC_ISA_USAGE = YES_ERROR;
				CLANG_WARN_DOCUMENTATION_COMMENTS = YES;
				CLANG_WARN_EMPTY_BODY = YES;
				CLANG_WARN_ENUM_CONVERSION = YES;
				CLANG_WARN_INFINITE_RECURSION = YES;
				CLANG_WARN_INT_CONVERSION = YES;
				CLANG_WARN_NON_LITERAL_NULL_CONVERSION = YES;
				CLANG_WARN_OBJC_IMPLICIT_RETAIN_SELF = YES;
				CLANG_WARN_OBJC_LITERAL_CONVERSION = YES;
				CLANG_WARN_OBJC_ROOT_CLASS = YES_ERROR;
				CLANG_WARN_QUOTED_INCLUDE_IN_FRAMEWORK_HEADER = YES;
				CLANG_WARN_RANGE_LOOP_ANALYSIS = YES;
				CLANG_WARN_STRICT_PROTOTYPES = YES;
				CLANG_WARN_SUSPICIOUS_MOVE = YES;
				CLANG_WARN_UNGUARDED_AVAILABILITY = YES_AGGRESSIVE;
				CLANG_WARN_UNREACHABLE_CODE = YES;
				CLANG_WARN__DUPLICATE_METHOD_MATCH = YES;
				COPY_PHASE_STRIP = NO;
				DEBUG_INFORMATION_FORMAT = "dwarf-with-dsym";
				ENABLE_NS_ASSERTIONS = NO;
				ENABLE_STRICT_OBJC_MSGSEND = YES;
				GCC_C_LANGUAGE_STANDARD = gnu11;
				GCC_NO_COMMON_BLOCKS = YES;
				GCC_WARN_64_TO_32_BIT_CONVERSION = YES;
				GCC_WARN_ABOUT_RETURN_TYPE = YES_ERROR;
				GCC_WARN_UNDECLARED_SELECTOR = YES;
				GCC_WARN_UNINITIALIZED_AUTOS = YES_AGGRESSIVE;
				GCC_WARN_UNUSED_FUNCTION = YES;
				GCC_WARN_UNUSED_VARIABLE = YES;
				IPHONEOS_DEPLOYMENT_TARGET = 15.2;
				MTL_ENABLE_DEBUG_INFO = NO;
				MTL_FAST_MATH = YES;
				SDKROOT = iphoneos;
				SWIFT_COMPILATION_MODE = wholemodule;
				SWIFT_OPTIMIZATION_LEVEL = "-O";
				VALIDATE_PRODUCT = YES;
			};
			name = Release;
		};
		C3B6A0EE280C694C00136E88 /* Debug */ = {
			isa = XCBuildConfiguration;
			buildSettings = {
				ASSETCATALOG_COMPILER_APPICON_NAME = AppIcon;
				ASSETCATALOG_COMPILER_GLOBAL_ACCENT_COLOR_NAME = AccentColor;
				CODE_SIGN_STYLE = Automatic;
				CURRENT_PROJECT_VERSION = 1;
				DEVELOPMENT_ASSET_PATHS = "\"Exercise SwiftUI/Preview Content\"";
				DEVELOPMENT_TEAM = UBCLLQJ28M;
				ENABLE_PREVIEWS = YES;
				GENERATE_INFOPLIST_FILE = YES;
				INFOPLIST_KEY_UIApplicationSceneManifest_Generation = YES;
				INFOPLIST_KEY_UIApplicationSupportsIndirectInputEvents = YES;
				INFOPLIST_KEY_UILaunchScreen_Generation = YES;
				INFOPLIST_KEY_UISupportedInterfaceOrientations_iPad = "UIInterfaceOrientationPortrait UIInterfaceOrientationPortraitUpsideDown UIInterfaceOrientationLandscapeLeft UIInterfaceOrientationLandscapeRight";
				INFOPLIST_KEY_UISupportedInterfaceOrientations_iPhone = "UIInterfaceOrientationPortrait UIInterfaceOrientationLandscapeLeft UIInterfaceOrientationLandscapeRight";
				LD_RUNPATH_SEARCH_PATHS = (
					"$(inherited)",
					"@executable_path/Frameworks",
				);
				MARKETING_VERSION = 1.0;
				PRODUCT_BUNDLE_IDENTIFIER = "com.hoangnm.Exercise-SwiftUI";
				PRODUCT_NAME = "$(TARGET_NAME)";
				SWIFT_EMIT_LOC_STRINGS = YES;
				SWIFT_VERSION = 5.0;
				TARGETED_DEVICE_FAMILY = "1,2";
			};
			name = Debug;
		};
		C3B6A0EF280C694C00136E88 /* Release */ = {
			isa = XCBuildConfiguration;
			buildSettings = {
				ASSETCATALOG_COMPILER_APPICON_NAME = AppIcon;
				ASSETCATALOG_COMPILER_GLOBAL_ACCENT_COLOR_NAME = AccentColor;
				CODE_SIGN_STYLE = Automatic;
				CURRENT_PROJECT_VERSION = 1;
				DEVELOPMENT_ASSET_PATHS = "\"Exercise SwiftUI/Preview Content\"";
				DEVELOPMENT_TEAM = UBCLLQJ28M;
				ENABLE_PREVIEWS = YES;
				GENERATE_INFOPLIST_FILE = YES;
				INFOPLIST_KEY_UIApplicationSceneManifest_Generation = YES;
				INFOPLIST_KEY_UIApplicationSupportsIndirectInputEvents = YES;
				INFOPLIST_KEY_UILaunchScreen_Generation = YES;
				INFOPLIST_KEY_UISupportedInterfaceOrientations_iPad = "UIInterfaceOrientationPortrait UIInterfaceOrientationPortraitUpsideDown UIInterfaceOrientationLandscapeLeft UIInterfaceOrientationLandscapeRight";
				INFOPLIST_KEY_UISupportedInterfaceOrientations_iPhone = "UIInterfaceOrientationPortrait UIInterfaceOrientationLandscapeLeft UIInterfaceOrientationLandscapeRight";
				LD_RUNPATH_SEARCH_PATHS = (
					"$(inherited)",
					"@executable_path/Frameworks",
				);
				MARKETING_VERSION = 1.0;
				PRODUCT_BUNDLE_IDENTIFIER = "com.hoangnm.Exercise-SwiftUI";
				PRODUCT_NAME = "$(TARGET_NAME)";
				SWIFT_EMIT_LOC_STRINGS = YES;
				SWIFT_VERSION = 5.0;
				TARGETED_DEVICE_FAMILY = "1,2";
			};
			name = Release;
		};
		C3B6A0F1280C694C00136E88 /* Debug */ = {
			isa = XCBuildConfiguration;
			buildSettings = {
				ALWAYS_EMBED_SWIFT_STANDARD_LIBRARIES = YES;
				BUNDLE_LOADER = "$(TEST_HOST)";
				CODE_SIGN_STYLE = Automatic;
				CURRENT_PROJECT_VERSION = 1;
				DEVELOPMENT_TEAM = UBCLLQJ28M;
				GENERATE_INFOPLIST_FILE = YES;
				IPHONEOS_DEPLOYMENT_TARGET = 15.2;
				MARKETING_VERSION = 1.0;
				PRODUCT_BUNDLE_IDENTIFIER = "com.hoangnm.Exercise-SwiftUITests";
				PRODUCT_NAME = "$(TARGET_NAME)";
				SWIFT_EMIT_LOC_STRINGS = NO;
				SWIFT_VERSION = 5.0;
				TARGETED_DEVICE_FAMILY = "1,2";
				TEST_HOST = "$(BUILT_PRODUCTS_DIR)/Exercise SwiftUI.app/Exercise SwiftUI";
			};
			name = Debug;
		};
		C3B6A0F2280C694C00136E88 /* Release */ = {
			isa = XCBuildConfiguration;
			buildSettings = {
				ALWAYS_EMBED_SWIFT_STANDARD_LIBRARIES = YES;
				BUNDLE_LOADER = "$(TEST_HOST)";
				CODE_SIGN_STYLE = Automatic;
				CURRENT_PROJECT_VERSION = 1;
				DEVELOPMENT_TEAM = UBCLLQJ28M;
				GENERATE_INFOPLIST_FILE = YES;
				IPHONEOS_DEPLOYMENT_TARGET = 15.2;
				MARKETING_VERSION = 1.0;
				PRODUCT_BUNDLE_IDENTIFIER = "com.hoangnm.Exercise-SwiftUITests";
				PRODUCT_NAME = "$(TARGET_NAME)";
				SWIFT_EMIT_LOC_STRINGS = NO;
				SWIFT_VERSION = 5.0;
				TARGETED_DEVICE_FAMILY = "1,2";
				TEST_HOST = "$(BUILT_PRODUCTS_DIR)/Exercise SwiftUI.app/Exercise SwiftUI";
			};
			name = Release;
		};
		C3B6A0F4280C694C00136E88 /* Debug */ = {
			isa = XCBuildConfiguration;
			buildSettings = {
				ALWAYS_EMBED_SWIFT_STANDARD_LIBRARIES = YES;
				CODE_SIGN_STYLE = Automatic;
				CURRENT_PROJECT_VERSION = 1;
				DEVELOPMENT_TEAM = UBCLLQJ28M;
				GENERATE_INFOPLIST_FILE = YES;
				MARKETING_VERSION = 1.0;
				PRODUCT_BUNDLE_IDENTIFIER = "com.hoangnm.Exercise-SwiftUIUITests";
				PRODUCT_NAME = "$(TARGET_NAME)";
				SWIFT_EMIT_LOC_STRINGS = NO;
				SWIFT_VERSION = 5.0;
				TARGETED_DEVICE_FAMILY = "1,2";
				TEST_TARGET_NAME = "Exercise SwiftUI";
			};
			name = Debug;
		};
		C3B6A0F5280C694C00136E88 /* Release */ = {
			isa = XCBuildConfiguration;
			buildSettings = {
				ALWAYS_EMBED_SWIFT_STANDARD_LIBRARIES = YES;
				CODE_SIGN_STYLE = Automatic;
				CURRENT_PROJECT_VERSION = 1;
				DEVELOPMENT_TEAM = UBCLLQJ28M;
				GENERATE_INFOPLIST_FILE = YES;
				MARKETING_VERSION = 1.0;
				PRODUCT_BUNDLE_IDENTIFIER = "com.hoangnm.Exercise-SwiftUIUITests";
				PRODUCT_NAME = "$(TARGET_NAME)";
				SWIFT_EMIT_LOC_STRINGS = NO;
				SWIFT_VERSION = 5.0;
				TARGETED_DEVICE_FAMILY = "1,2";
				TEST_TARGET_NAME = "Exercise SwiftUI";
			};
			name = Release;
		};
/* End XCBuildConfiguration section */

/* Begin XCConfigurationList section */
		C3B6A0C4280C694A00136E88 /* Build configuration list for PBXProject "Exercise SwiftUI" */ = {
			isa = XCConfigurationList;
			buildConfigurations = (
				C3B6A0EB280C694C00136E88 /* Debug */,
				C3B6A0EC280C694C00136E88 /* Release */,
			);
			defaultConfigurationIsVisible = 0;
			defaultConfigurationName = Release;
		};
		C3B6A0ED280C694C00136E88 /* Build configuration list for PBXNativeTarget "Exercise SwiftUI" */ = {
			isa = XCConfigurationList;
			buildConfigurations = (
				C3B6A0EE280C694C00136E88 /* Debug */,
				C3B6A0EF280C694C00136E88 /* Release */,
			);
			defaultConfigurationIsVisible = 0;
			defaultConfigurationName = Release;
		};
		C3B6A0F0280C694C00136E88 /* Build configuration list for PBXNativeTarget "Exercise SwiftUITests" */ = {
			isa = XCConfigurationList;
			buildConfigurations = (
				C3B6A0F1280C694C00136E88 /* Debug */,
				C3B6A0F2280C694C00136E88 /* Release */,
			);
			defaultConfigurationIsVisible = 0;
			defaultConfigurationName = Release;
		};
		C3B6A0F3280C694C00136E88 /* Build configuration list for PBXNativeTarget "Exercise SwiftUIUITests" */ = {
			isa = XCConfigurationList;
			buildConfigurations = (
				C3B6A0F4280C694C00136E88 /* Debug */,
				C3B6A0F5280C694C00136E88 /* Release */,
			);
			defaultConfigurationIsVisible = 0;
			defaultConfigurationName = Release;
		};
/* End XCConfigurationList section */
	};
	rootObject = C3B6A0C1280C694A00136E88 /* Project object */;
}
